// !$*UTF8*$!
{
	archiveVersion = 1;
	classes = {
	};
	objectVersion = 48;
	objects = {

/* Begin PBXBuildFile section */
		4904EE8C1FB29B2B00B42A0A /* AppDelegate.swift in Sources */ = {isa = PBXBuildFile; fileRef = 4904EE8B1FB29B2B00B42A0A /* AppDelegate.swift */; };
		4904EE8E1FB29B2B00B42A0A /* ViewController.swift in Sources */ = {isa = PBXBuildFile; fileRef = 4904EE8D1FB29B2B00B42A0A /* ViewController.swift */; };
		4904EE911FB29B2B00B42A0A /* Main.storyboard in Resources */ = {isa = PBXBuildFile; fileRef = 4904EE8F1FB29B2B00B42A0A /* Main.storyboard */; };
		4904EE931FB29B2B00B42A0A /* Assets.xcassets in Resources */ = {isa = PBXBuildFile; fileRef = 4904EE921FB29B2B00B42A0A /* Assets.xcassets */; };
		4904EE961FB29B2B00B42A0A /* LaunchScreen.storyboard in Resources */ = {isa = PBXBuildFile; fileRef = 4904EE941FB29B2B00B42A0A /* LaunchScreen.storyboard */; };
		4904EEA11FB29B2B00B42A0A /* cellTestTests.swift in Sources */ = {isa = PBXBuildFile; fileRef = 4904EEA01FB29B2B00B42A0A /* cellTestTests.swift */; };
		4904EEAC1FB2A3E900B42A0A /* TableViewCell.swift in Sources */ = {isa = PBXBuildFile; fileRef = 4904EEAB1FB2A3E900B42A0A /* TableViewCell.swift */; };
		4904EEAE1FB2A41500B42A0A /* tableHeaderView.swift in Sources */ = {isa = PBXBuildFile; fileRef = 4904EEAD1FB2A41500B42A0A /* tableHeaderView.swift */; };
		4904EEB01FB2A43000B42A0A /* Model.swift in Sources */ = {isa = PBXBuildFile; fileRef = 4904EEAF1FB2A43000B42A0A /* Model.swift */; };
/* End PBXBuildFile section */

/* Begin PBXContainerItemProxy section */
		4904EE9D1FB29B2B00B42A0A /* PBXContainerItemProxy */ = {
			isa = PBXContainerItemProxy;
			containerPortal = 4904EE801FB29B2B00B42A0A /* Project object */;
			proxyType = 1;
			remoteGlobalIDString = 4904EE871FB29B2B00B42A0A;
			remoteInfo = cellTest;
		};
/* End PBXContainerItemProxy section */

/* Begin PBXFileReference section */
		4904EE881FB29B2B00B42A0A /* cellTest.app */ = {isa = PBXFileReference; explicitFileType = wrapper.application; includeInIndex = 0; path = cellTest.app; sourceTree = BUILT_PRODUCTS_DIR; };
		4904EE8B1FB29B2B00B42A0A /* AppDelegate.swift */ = {isa = PBXFileReference; lastKnownFileType = sourcecode.swift; path = AppDelegate.swift; sourceTree = "<group>"; };
		4904EE8D1FB29B2B00B42A0A /* ViewController.swift */ = {isa = PBXFileReference; lastKnownFileType = sourcecode.swift; path = ViewController.swift; sourceTree = "<group>"; };
		4904EE901FB29B2B00B42A0A /* Base */ = {isa = PBXFileReference; lastKnownFileType = file.storyboard; name = Base; path = Base.lproj/Main.storyboard; sourceTree = "<group>"; };
		4904EE921FB29B2B00B42A0A /* Assets.xcassets */ = {isa = PBXFileReference; lastKnownFileType = folder.assetcatalog; path = Assets.xcassets; sourceTree = "<group>"; };
		4904EE951FB29B2B00B42A0A /* Base */ = {isa = PBXFileReference; lastKnownFileType = file.storyboard; name = Base; path = Base.lproj/LaunchScreen.storyboard; sourceTree = "<group>"; };
		4904EE971FB29B2B00B42A0A /* Info.plist */ = {isa = PBXFileReference; lastKnownFileType = text.plist.xml; path = Info.plist; sourceTree = "<group>"; };
		4904EE9C1FB29B2B00B42A0A /* cellTestTests.xctest */ = {isa = PBXFileReference; explicitFileType = wrapper.cfbundle; includeInIndex = 0; path = cellTestTests.xctest; sourceTree = BUILT_PRODUCTS_DIR; };
		4904EEA01FB29B2B00B42A0A /* cellTestTests.swift */ = {isa = PBXFileReference; lastKnownFileType = sourcecode.swift; path = cellTestTests.swift; sourceTree = "<group>"; };
		4904EEA21FB29B2B00B42A0A /* Info.plist */ = {isa = PBXFileReference; lastKnownFileType = text.plist.xml; path = Info.plist; sourceTree = "<group>"; };
		4904EEAB1FB2A3E900B42A0A /* TableViewCell.swift */ = {isa = PBXFileReference; lastKnownFileType = sourcecode.swift; path = TableViewCell.swift; sourceTree = "<group>"; };
		4904EEAD1FB2A41500B42A0A /* tableHeaderView.swift */ = {isa = PBXFileReference; lastKnownFileType = sourcecode.swift; path = tableHeaderView.swift; sourceTree = "<group>"; };
		4904EEAF1FB2A43000B42A0A /* Model.swift */ = {isa = PBXFileReference; lastKnownFileType = sourcecode.swift; path = Model.swift; sourceTree = "<group>"; };
/* End PBXFileReference section */

/* Begin PBXFrameworksBuildPhase section */
		4904EE851FB29B2B00B42A0A /* Frameworks */ = {
			isa = PBXFrameworksBuildPhase;
			buildActionMask = 2147483647;
			files = (
			);
			runOnlyForDeploymentPostprocessing = 0;
		};
		4904EE991FB29B2B00B42A0A /* Frameworks */ = {
			isa = PBXFrameworksBuildPhase;
			buildActionMask = 2147483647;
			files = (
			);
			runOnlyForDeploymentPostprocessing = 0;
		};
/* End PBXFrameworksBuildPhase section */

/* Begin PBXGroup section */
		4904EE7F1FB29B2B00B42A0A = {
			isa = PBXGroup;
			children = (
				4904EE8A1FB29B2B00B42A0A /* cellTest */,
				4904EE9F1FB29B2B00B42A0A /* cellTestTests */,
				4904EE891FB29B2B00B42A0A /* Products */,
			);
			sourceTree = "<group>";
		};
		4904EE891FB29B2B00B42A0A /* Products */ = {
			isa = PBXGroup;
			children = (
				4904EE881FB29B2B00B42A0A /* cellTest.app */,
				4904EE9C1FB29B2B00B42A0A /* cellTestTests.xctest */,
			);
			name = Products;
			sourceTree = "<group>";
		};
		4904EE8A1FB29B2B00B42A0A /* cellTest */ = {
			isa = PBXGroup;
			children = (
				4904EE8B1FB29B2B00B42A0A /* AppDelegate.swift */,
				4904EEAF1FB2A43000B42A0A /* Model.swift */,
				4904EE8D1FB29B2B00B42A0A /* ViewController.swift */,
				4904EEAB1FB2A3E900B42A0A /* TableViewCell.swift */,
				4904EEAD1FB2A41500B42A0A /* tableHeaderView.swift */,
				4904EE8F1FB29B2B00B42A0A /* Main.storyboard */,
				4904EE921FB29B2B00B42A0A /* Assets.xcassets */,
				4904EE941FB29B2B00B42A0A /* LaunchScreen.storyboard */,
				4904EE971FB29B2B00B42A0A /* Info.plist */,
			);
			path = cellTest;
			sourceTree = "<group>";
		};
		4904EE9F1FB29B2B00B42A0A /* cellTestTests */ = {
			isa = PBXGroup;
			children = (
				4904EEA01FB29B2B00B42A0A /* cellTestTests.swift */,
				4904EEA21FB29B2B00B42A0A /* Info.plist */,
			);
			path = cellTestTests;
			sourceTree = "<group>";
		};
/* End PBXGroup section */

/* Begin PBXNativeTarget section */
		4904EE871FB29B2B00B42A0A /* cellTest */ = {
			isa = PBXNativeTarget;
			buildConfigurationList = 4904EEA51FB29B2B00B42A0A /* Build configuration list for PBXNativeTarget "cellTest" */;
			buildPhases = (
				4904EE841FB29B2B00B42A0A /* Sources */,
				4904EE851FB29B2B00B42A0A /* Frameworks */,
				4904EE861FB29B2B00B42A0A /* Resources */,
			);
			buildRules = (
			);
			dependencies = (
			);
			name = cellTest;
			productName = cellTest;
			productReference = 4904EE881FB29B2B00B42A0A /* cellTest.app */;
			productType = "com.apple.product-type.application";
		};
		4904EE9B1FB29B2B00B42A0A /* cellTestTests */ = {
			isa = PBXNativeTarget;
			buildConfigurationList = 4904EEA81FB29B2B00B42A0A /* Build configuration list for PBXNativeTarget "cellTestTests" */;
			buildPhases = (
				4904EE981FB29B2B00B42A0A /* Sources */,
				4904EE991FB29B2B00B42A0A /* Frameworks */,
				4904EE9A1FB29B2B00B42A0A /* Resources */,
			);
			buildRules = (
			);
			dependencies = (
				4904EE9E1FB29B2B00B42A0A /* PBXTargetDependency */,
			);
			name = cellTestTests;
			productName = cellTestTests;
			productReference = 4904EE9C1FB29B2B00B42A0A /* cellTestTests.xctest */;
			productType = "com.apple.product-type.bundle.unit-test";
		};
/* End PBXNativeTarget section */

/* Begin PBXProject section */
		4904EE801FB29B2B00B42A0A /* Project object */ = {
			isa = PBXProject;
			attributes = {
				LastSwiftUpdateCheck = 0910;
				LastUpgradeCheck = 0910;
				ORGANIZATIONNAME = ls;
				TargetAttributes = {
					4904EE871FB29B2B00B42A0A = {
						CreatedOnToolsVersion = 9.1;
						ProvisioningStyle = Automatic;
					};
					4904EE9B1FB29B2B00B42A0A = {
						CreatedOnToolsVersion = 9.1;
						ProvisioningStyle = Automatic;
						TestTargetID = 4904EE871FB29B2B00B42A0A;
					};
				};
			};
			buildConfigurationList = 4904EE831FB29B2B00B42A0A /* Build configuration list for PBXProject "cellTest" */;
			compatibilityVersion = "Xcode 8.0";
			developmentRegion = en;
			hasScannedForEncodings = 0;
			knownRegions = (
				en,
				Base,
			);
			mainGroup = 4904EE7F1FB29B2B00B42A0A;
			productRefGroup = 4904EE891FB29B2B00B42A0A /* Products */;
			projectDirPath = "";
			projectRoot = "";
			targets = (
				4904EE871FB29B2B00B42A0A /* cellTest */,
				4904EE9B1FB29B2B00B42A0A /* cellTestTests */,
			);
		};
/* End PBXProject section */

/* Begin PBXResourcesBuildPhase section */
		4904EE861FB29B2B00B42A0A /* Resources */ = {
			isa = PBXResourcesBuildPhase;
			buildActionMask = 2147483647;
			files = (
				4904EE961FB29B2B00B42A0A /* LaunchScreen.storyboard in Resources */,
				4904EE931FB29B2B00B42A0A /* Assets.xcassets in Resources */,
				4904EE911FB29B2B00B42A0A /* Main.storyboard in Resources */,
			);
			runOnlyForDeploymentPostprocessing = 0;
		};
		4904EE9A1FB29B2B00B42A0A /* Resources */ = {
			isa = PBXResourcesBuildPhase;
			buildActionMask = 2147483647;
			files = (
			);
			runOnlyForDeploymentPostprocessing = 0;
		};
/* End PBXResourcesBuildPhase section */

/* Begin PBXSourcesBuildPhase section */
		4904EE841FB29B2B00B42A0A /* Sources */ = {
			isa = PBXSourcesBuildPhase;
			buildActionMask = 2147483647;
			files = (
				4904EEB01FB2A43000B42A0A /* Model.swift in Sources */,
				4904EEAE1FB2A41500B42A0A /* tableHeaderView.swift in Sources */,
				4904EEAC1FB2A3E900B42A0A /* TableViewCell.swift in Sources */,
				4904EE8E1FB29B2B00B42A0A /* ViewController.swift in Sources */,
				4904EE8C1FB29B2B00B42A0A /* AppDelegate.swift in Sources */,
			);
			runOnlyForDeploymentPostprocessing = 0;
		};
		4904EE981FB29B2B00B42A0A /* Sources */ = {
			isa = PBXSourcesBuildPhase;
			buildActionMask = 2147483647;
			files = (
				4904EEA11FB29B2B00B42A0A /* cellTestTests.swift in Sources */,
			);
			runOnlyForDeploymentPostprocessing = 0;
		};
/* End PBXSourcesBuildPhase section */

/* Begin PBXTargetDependency section */
		4904EE9E1FB29B2B00B42A0A /* PBXTargetDependency */ = {
			isa = PBXTargetDependency;
			target = 4904EE871FB29B2B00B42A0A /* cellTest */;
			targetProxy = 4904EE9D1FB29B2B00B42A0A /* PBXContainerItemProxy */;
		};
/* End PBXTargetDependency section */

/* Begin PBXVariantGroup section */
		4904EE8F1FB29B2B00B42A0A /* Main.storyboard */ = {
			isa = PBXVariantGroup;
			children = (
				4904EE901FB29B2B00B42A0A /* Base */,
			);
			name = Main.storyboard;
			sourceTree = "<group>";
		};
		4904EE941FB29B2B00B42A0A /* LaunchScreen.storyboard */ = {
			isa = PBXVariantGroup;
			children = (
				4904EE951FB29B2B00B42A0A /* Base */,
			);
			name = LaunchScreen.storyboard;
			sourceTree = "<group>";
		};
/* End PBXVariantGroup section */

/* Begin XCBuildConfiguration section */
		4904EEA31FB29B2B00B42A0A /* Debug */ = {
			isa = XCBuildConfiguration;
			buildSettings = {
				ALWAYS_SEARCH_USER_PATHS = NO;
				CLANG_ANALYZER_NONNULL = YES;
				CLANG_ANALYZER_NUMBER_OBJECT_CONVERSION = YES_AGGRESSIVE;
				CLANG_CXX_LANGUAGE_STANDARD = "gnu++14";
				CLANG_CXX_LIBRARY = "libc++";
				CLANG_ENABLE_MODULES = YES;
				CLANG_ENABLE_OBJC_ARC = YES;
				CLANG_WARN_BLOCK_CAPTURE_AUTORELEASING = YES;
				CLANG_WARN_BOOL_CONVERSION = YES;
				CLANG_WARN_COMMA = YES;
				CLANG_WARN_CONSTANT_CONVERSION = YES;
				CLANG_WARN_DIRECT_OBJC_ISA_USAGE = YES_ERROR;
				CLANG_WARN_DOCUMENTATION_COMMENTS = YES;
				CLANG_WARN_EMPTY_BODY = YES;
				CLANG_WARN_ENUM_CONVERSION = YES;
				CLANG_WARN_INFINITE_RECURSION = YES;
				CLANG_WARN_INT_CONVERSION = YES;
				CLANG_WARN_NON_LITERAL_NULL_CONVERSION = YES;
				CLANG_WARN_OBJC_LITERAL_CONVERSION = YES;
				CLANG_WARN_OBJC_ROOT_CLASS = YES_ERROR;
				CLANG_WARN_RANGE_LOOP_ANALYSIS = YES;
				CLANG_WARN_STRICT_PROTOTYPES = YES;
				CLANG_WARN_SUSPICIOUS_MOVE = YES;
				CLANG_WARN_UNGUARDED_AVAILABILITY = YES_AGGRESSIVE;
				CLANG_WARN_UNREACHABLE_CODE = YES;
				CLANG_WARN__DUPLICATE_METHOD_MATCH = YES;
				CODE_SIGN_IDENTITY = "iPhone Developer";
				COPY_PHASE_STRIP = NO;
				DEBUG_INFORMATION_FORMAT = dwarf;
				ENABLE_STRICT_OBJC_MSGSEND = YES;
				ENABLE_TESTABILITY = YES;
				GCC_C_LANGUAGE_STANDARD = gnu11;
				GCC_DYNAMIC_NO_PIC = NO;
				GCC_NO_COMMON_BLOCKS = YES;
				GCC_OPTIMIZATION_LEVEL = 0;
				GCC_PREPROCESSOR_DEFINITIONS = (
					"DEBUG=1",
					"$(inherited)",
				);
				GCC_WARN_64_TO_32_BIT_CONVERSION = YES;
				GCC_WARN_ABOUT_RETURN_TYPE = YES_ERROR;
				GCC_WARN_UNDECLARED_SELECTOR = YES;
				GCC_WARN_UNINITIALIZED_AUTOS = YES_AGGRESSIVE;
				GCC_WARN_UNUSED_FUNCTION = YES;
				GCC_WARN_UNUSED_VARIABLE = YES;
				IPHONEOS_DEPLOYMENT_TARGET = 11.1;
				MTL_ENABLE_DEBUG_INFO = YES;
				ONLY_ACTIVE_ARCH = YES;
				SDKROOT = iphoneos;
				SWIFT_ACTIVE_COMPILATION_CONDITIONS = DEBUG;
				SWIFT_OPTIMIZATION_LEVEL = "-Onone";
			};
			name = Debug;
		};
		4904EEA41FB29B2B00B42A0A /* Release */ = {
			isa = XCBuildConfiguration;
			buildSettings = {
				ALWAYS_SEARCH_USER_PATHS = NO;
				CLANG_ANALYZER_NONNULL = YES;
				CLANG_ANALYZER_NUMBER_OBJECT_CONVERSION = YES_AGGRESSIVE;
				CLANG_CXX_LANGUAGE_STANDARD = "gnu++14";
				CLANG_CXX_LIBRARY = "libc++";
				CLANG_ENABLE_MODULES = YES;
				CLANG_ENABLE_OBJC_ARC = YES;
				CLANG_WARN_BLOCK_CAPTURE_AUTORELEASING = YES;
				CLANG_WARN_BOOL_CONVERSION = YES;
				CLANG_WARN_COMMA = YES;
				CLANG_WARN_CONSTANT_CONVERSION = YES;
				CLANG_WARN_DIRECT_OBJC_ISA_USAGE = YES_ERROR;
				CLANG_WARN_DOCUMENTATION_COMMENTS = YES;
				CLANG_WARN_EMPTY_BODY = YES;
				CLANG_WARN_ENUM_CONVERSION = YES;
				CLANG_WARN_INFINITE_RECURSION = YES;
				CLANG_WARN_INT_CONVERSION = YES;
				CLANG_WARN_NON_LITERAL_NULL_CONVERSION = YES;
				CLANG_WARN_OBJC_LITERAL_CONVERSION = YES;
				CLANG_WARN_OBJC_ROOT_CLASS = YES_ERROR;
				CLANG_WARN_RANGE_LOOP_ANALYSIS = YES;
				CLANG_WARN_STRICT_PROTOTYPES = YES;
				CLANG_WARN_SUSPICIOUS_MOVE = YES;
				CLANG_WARN_UNGUARDED_AVAILABILITY = YES_AGGRESSIVE;
				CLANG_WARN_UNREACHABLE_CODE = YES;
				CLANG_WARN__DUPLICATE_METHOD_MATCH = YES;
				CODE_SIGN_IDENTITY = "iPhone Developer";
				COPY_PHASE_STRIP = NO;
				DEBUG_INFORMATION_FORMAT = "dwarf-with-dsym";
				ENABLE_NS_ASSERTIONS = NO;
				ENABLE_STRICT_OBJC_MSGSEND = YES;
				GCC_C_LANGUAGE_STANDARD = gnu11;
				GCC_NO_COMMON_BLOCKS = YES;
				GCC_WARN_64_TO_32_BIT_CONVERSION = YES;
				GCC_WARN_ABOUT_RETURN_TYPE = YES_ERROR;
				GCC_WARN_UNDECLARED_SELECTOR = YES;
				GCC_WARN_UNINITIALIZED_AUTOS = YES_AGGRESSIVE;
				GCC_WARN_UNUSED_FUNCTION = YES;
				GCC_WARN_UNUSED_VARIABLE = YES;
				IPHONEOS_DEPLOYMENT_TARGET = 11.1;
				MTL_ENABLE_DEBUG_INFO = NO;
				SDKROOT = iphoneos;
				SWIFT_OPTIMIZATION_LEVEL = "-Owholemodule";
				VALIDATE_PRODUCT = YES;
			};
			name = Release;
		};
		4904EEA61FB29B2B00B42A0A /* Debug */ = {
			isa = XCBuildConfiguration;
			buildSettings = {
				ASSETCATALOG_COMPILER_APPICON_NAME = AppIcon;
				CODE_SIGN_STYLE = Automatic;
				DEVELOPMENT_TEAM = 6F2RHXNA39;
				INFOPLIST_FILE = cellTest/Info.plist;
				LD_RUNPATH_SEARCH_PATHS = "$(inherited) @executable_path/Frameworks";
				PRODUCT_BUNDLE_IDENTIFIER = "com.rf-smat.cellTest";
				PRODUCT_NAME = "$(TARGET_NAME)";
				SWIFT_VERSION = 4.0;
				TARGETED_DEVICE_FAMILY = "1,2";
			};
			name = Debug;
		};
		4904EEA71FB29B2B00B42A0A /* Release */ = {
			isa = XCBuildConfiguration;
			buildSettings = {
				ASSETCATALOG_COMPILER_APPICON_NAME = AppIcon;
				CODE_SIGN_STYLE = Automatic;
				DEVELOPMENT_TEAM = 6F2RHXNA39;
				INFOPLIST_FILE = cellTest/Info.plist;
				LD_RUNPATH_SEARCH_PATHS = "$(inherited) @executable_path/Frameworks";
				PRODUCT_BUNDLE_IDENTIFIER = "com.rf-smat.cellTest";
				PRODUCT_NAME = "$(TARGET_NAME)";
				SWIFT_VERSION = 4.0;
				TARGETED_DEVICE_FAMILY = "1,2";
			};
			name = Release;
		};
		4904EEA91FB29B2B00B42A0A /* Debug */ = {
			isa = XCBuildConfiguration;
			buildSettings = {
				ALWAYS_EMBED_SWIFT_STANDARD_LIBRARIES = YES;
				BUNDLE_LOADER = "$(TEST_HOST)";
				CODE_SIGN_STYLE = Automatic;
				DEVELOPMENT_TEAM = 6F2RHXNA39;
				INFOPLIST_FILE = cellTestTests/Info.plist;
				LD_RUNPATH_SEARCH_PATHS = "$(inherited) @executable_path/Frameworks @loader_path/Frameworks";
				PRODUCT_BUNDLE_IDENTIFIER = "com.rf-smat.cellTestTests";
				PRODUCT_NAME = "$(TARGET_NAME)";
				SWIFT_VERSION = 4.0;
				TARGETED_DEVICE_FAMILY = "1,2";
				TEST_HOST = "$(BUILT_PRODUCTS_DIR)/cellTest.app/cellTest";
			};
			name = Debug;
		};
		4904EEAA1FB29B2B00B42A0A /* Release */ = {
			isa = XCBuildConfiguration;
			buildSettings = {
				ALWAYS_EMBED_SWIFT_STANDARD_LIBRARIES = YES;
				BUNDLE_LOADER = "$(TEST_HOST)";
				CODE_SIGN_STYLE = Automatic;
				DEVELOPMENT_TEAM = 6F2RHXNA39;
				INFOPLIST_FILE = cellTestTests/Info.plist;
				LD_RUNPATH_SEARCH_PATHS = "$(inherited) @executable_path/Frameworks @loader_path/Frameworks";
				PRODUCT_BUNDLE_IDENTIFIER = "com.rf-smat.cellTestTests";
				PRODUCT_NAME = "$(TARGET_NAME)";
				SWIFT_VERSION = 4.0;
				TARGETED_DEVICE_FAMILY = "1,2";
				TEST_HOST = "$(BUILT_PRODUCTS_DIR)/cellTest.app/cellTest";
			};
			name = Release;
		};
/* End XCBuildConfiguration section */

/* Begin XCConfigurationList section */
		4904EE831FB29B2B00B42A0A /* Build configuration list for PBXProject "cellTest" */ = {
			isa = XCConfigurationList;
			buildConfigurations = (
				4904EEA31FB29B2B00B42A0A /* Debug */,
				4904EEA41FB29B2B00B42A0A /* Release */,
			);
			defaultConfigurationIsVisible = 0;
			defaultConfigurationName = Release;
		};
		4904EEA51FB29B2B00B42A0A /* Build configuration list for PBXNativeTarget "cellTest" */ = {
			isa = XCConfigurationList;
			buildConfigurations = (
				4904EEA61FB29B2B00B42A0A /* Debug */,
				4904EEA71FB29B2B00B42A0A /* Release */,
			);
			defaultConfigurationIsVisible = 0;
			defaultConfigurationName = Release;
		};
		4904EEA81FB29B2B00B42A0A /* Build configuration list for PBXNativeTarget "cellTestTests" */ = {
			isa = XCConfigurationList;
			buildConfigurations = (
				4904EEA91FB29B2B00B42A0A /* Debug */,
				4904EEAA1FB29B2B00B42A0A /* Release */,
			);
			defaultConfigurationIsVisible = 0;
			defaultConfigurationName = Release;
		};
/* End XCConfigurationList section */
	};
	rootObject = 4904EE801FB29B2B00B42A0A /* Project object */;
}
